
Microsoft Visual Studio Solution File, Format Version 12.00
# Visual Studio Version 16
VisualStudioVersion = 16.0.33801.447
MinimumVisualStudioVersion = 10.0.40219.1
Project("{FAE04EC0-301F-11D3-BF4B-00C04F79EFBC}") = "lab7", "lab7\lab7.csproj", "{AB503CFD-9660-45FE-B9BD-9E52A2903038}"
EndProject
Project("{FAE04EC0-301F-11D3-BF4B-00C04F79EFBC}") = "lab7_2", "lab7_2\lab7_2.csproj", "{A84FAC13-19B4-4A45-92A1-2B4E492D0BE9}"
EndProject
Global
	GlobalSection(SolutionConfigurationPlatforms) = preSolution
		Debug|Any CPU = Debug|Any CPU
		Release|Any CPU = Release|Any CPU
	EndGlobalSection
	GlobalSection(ProjectConfigurationPlatforms) = postSolution
		{AB503CFD-9660-45FE-B9BD-9E52A2903038}.Debug|Any CPU.ActiveCfg = Debug|Any CPU
		{AB503CFD-9660-45FE-B9BD-9E52A2903038}.Debug|Any CPU.Build.0 = Debug|Any CPU
		{AB503CFD-9660-45FE-B9BD-9E52A2903038}.Release|Any CPU.ActiveCfg = Release|Any CPU
		{AB503CFD-9660-45FE-B9BD-9E52A2903038}.Release|Any CPU.Build.0 = Release|Any CPU
		{A84FAC13-19B4-4A45-92A1-2B4E492D0BE9}.Debug|Any CPU.ActiveCfg = Debug|Any CPU
		{A84FAC13-19B4-4A45-92A1-2B4E492D0BE9}.Debug|Any CPU.Build.0 = Debug|Any CPU
		{A84FAC13-19B4-4A45-92A1-2B4E492D0BE9}.Release|Any CPU.ActiveCfg = Release|Any CPU
		{A84FAC13-19B4-4A45-92A1-2B4E492D0BE9}.Release|Any CPU.Build.0 = Release|Any CPU
	EndGlobalSection
	GlobalSection(SolutionProperties) = preSolution
		HideSolutionNode = FALSE
	EndGlobalSection
	GlobalSection(ExtensibilityGlobals) = postSolution
		SolutionGuid = {8E4639D7-871B-453F-9CE3-FA79E5D53CD6}
	EndGlobalSection
EndGlobal
